
Microsoft Visual Studio Solution File, Format Version 12.00
# Visual Studio Version 17
VisualStudioVersion = 17.0.31423.177
MinimumVisualStudioVersion = 10.0.40219.1
Project("{9A19103F-16F7-4668-BE54-9A1E7A4F7556}") = "WojtusDiscord.API", "src\WojtusDiscord.API\WojtusDiscord.API.csproj", "{3C5B9DCB-BCFC-4601-8235-F835E4B5EE05}"
EndProject
Project("{E53339B2-1760-4266-BCC7-CA923CBCF16C}") = "docker-compose", "docker-compose.dcproj", "{DD9BF927-7800-4C92-868B-7338C275EF4B}"
EndProject
Project("{9A19103F-16F7-4668-BE54-9A1E7A4F7556}") = "WojtusDiscord.BotCommands", "src\WojtusDiscord.BotCommands\WojtusDiscord.BotCommands.csproj", "{9C189BF3-1F3B-46FD-A5E0-ABCBC1BFB149}"
EndProject
Project("{FAE04EC0-301F-11D3-BF4B-00C04F79EFBC}") = "WojtusDiscord.Bot", "src\WojtusDiscord.Bot\WojtusDiscord.Bot.csproj", "{A6E64DC7-6374-4979-AD34-06DE4688B6A9}"
EndProject
Global
	GlobalSection(SolutionConfigurationPlatforms) = preSolution
		Debug|Any CPU = Debug|Any CPU
		Release|Any CPU = Release|Any CPU
	EndGlobalSection
	GlobalSection(ProjectConfigurationPlatforms) = postSolution
		{3C5B9DCB-BCFC-4601-8235-F835E4B5EE05}.Debug|Any CPU.ActiveCfg = Debug|Any CPU
		{3C5B9DCB-BCFC-4601-8235-F835E4B5EE05}.Debug|Any CPU.Build.0 = Debug|Any CPU
		{3C5B9DCB-BCFC-4601-8235-F835E4B5EE05}.Release|Any CPU.ActiveCfg = Release|Any CPU
		{3C5B9DCB-BCFC-4601-8235-F835E4B5EE05}.Release|Any CPU.Build.0 = Release|Any CPU
		{DD9BF927-7800-4C92-868B-7338C275EF4B}.Debug|Any CPU.ActiveCfg = Debug|Any CPU
		{DD9BF927-7800-4C92-868B-7338C275EF4B}.Debug|Any CPU.Build.0 = Debug|Any CPU
		{DD9BF927-7800-4C92-868B-7338C275EF4B}.Release|Any CPU.ActiveCfg = Release|Any CPU
		{DD9BF927-7800-4C92-868B-7338C275EF4B}.Release|Any CPU.Build.0 = Release|Any CPU
		{9C189BF3-1F3B-46FD-A5E0-ABCBC1BFB149}.Debug|Any CPU.ActiveCfg = Debug|Any CPU
		{9C189BF3-1F3B-46FD-A5E0-ABCBC1BFB149}.Debug|Any CPU.Build.0 = Debug|Any CPU
		{9C189BF3-1F3B-46FD-A5E0-ABCBC1BFB149}.Release|Any CPU.ActiveCfg = Release|Any CPU
		{9C189BF3-1F3B-46FD-A5E0-ABCBC1BFB149}.Release|Any CPU.Build.0 = Release|Any CPU
		{A6E64DC7-6374-4979-AD34-06DE4688B6A9}.Debug|Any CPU.ActiveCfg = Debug|Any CPU
		{A6E64DC7-6374-4979-AD34-06DE4688B6A9}.Debug|Any CPU.Build.0 = Debug|Any CPU
		{A6E64DC7-6374-4979-AD34-06DE4688B6A9}.Release|Any CPU.ActiveCfg = Release|Any CPU
		{A6E64DC7-6374-4979-AD34-06DE4688B6A9}.Release|Any CPU.Build.0 = Release|Any CPU
	EndGlobalSection
	GlobalSection(SolutionProperties) = preSolution
		HideSolutionNode = FALSE
	EndGlobalSection
	GlobalSection(ExtensibilityGlobals) = postSolution
		SolutionGuid = {F07EFE47-12DE-434B-866F-41F4EB234BDD}
	EndGlobalSection
EndGlobal
